PODS:
  - CustomTextField (1.0.2)
  - Toast-Swift (2.0.0)

DEPENDENCIES:
  - CustomTextField (from `../`)
  - Toast-Swift (~> 2.0.0)

EXTERNAL SOURCES:
  CustomTextField:
    :path: "../"

SPEC CHECKSUMS:
  CustomTextField: e6e1afdd8d4e969e08cc6c194373228e464c35ca
  Toast-Swift: 5b2f8f720f7e78e48511f693df1f9c9a6e38a25a

PODFILE CHECKSUM: e200ae347a67244e81c5cc81c901369ff674f846

COCOAPODS: 1.2.0
